
Microsoft Visual Studio Solution File, Format Version 12.00
# Visual Studio Version 17
VisualStudioVersion = 17.0.32112.339
MinimumVisualStudioVersion = 10.0.40219.1
Project("{FAE04EC0-301F-11D3-BF4B-00C04F79EFBC}") = "GitHubTesti", "GitHubTesti\GitHubTesti.csproj", "{D9B74CC9-7CF2-4FD5-B3F2-4BB44911C8BF}"
EndProject
Global
	GlobalSection(SolutionConfigurationPlatforms) = preSolution
		Debug|Any CPU = Debug|Any CPU
		Release|Any CPU = Release|Any CPU
	EndGlobalSection
	GlobalSection(ProjectConfigurationPlatforms) = postSolution
		{D9B74CC9-7CF2-4FD5-B3F2-4BB44911C8BF}.Debug|Any CPU.ActiveCfg = Debug|Any CPU
		{D9B74CC9-7CF2-4FD5-B3F2-4BB44911C8BF}.Debug|Any CPU.Build.0 = Debug|Any CPU
		{D9B74CC9-7CF2-4FD5-B3F2-4BB44911C8BF}.Release|Any CPU.ActiveCfg = Release|Any CPU
		{D9B74CC9-7CF2-4FD5-B3F2-4BB44911C8BF}.Release|Any CPU.Build.0 = Release|Any CPU
	EndGlobalSection
	GlobalSection(SolutionProperties) = preSolution
		HideSolutionNode = FALSE
	EndGlobalSection
	GlobalSection(ExtensibilityGlobals) = postSolution
		SolutionGuid = {155A9764-EDF3-4D3F-BEA1-5E9A6F169AC9}
	EndGlobalSection
EndGlobal
